
Microsoft Visual Studio Solution File, Format Version 12.00
# Visual Studio Version 17
VisualStudioVersion = 17.13.35931.197 d17.13
MinimumVisualStudioVersion = 10.0.40219.1
Project("{FAE04EC0-301F-11D3-BF4B-00C04F79EFBC}") = "Merodii_Beta", "Merodii_Beta\Merodii_Beta.csproj", "{9E01C6C4-68B9-4347-8780-905DEEAC7886}"
EndProject
Global
	GlobalSection(SolutionConfigurationPlatforms) = preSolution
		Debug|Any CPU = Debug|Any CPU
		Release|Any CPU = Release|Any CPU
	EndGlobalSection
	GlobalSection(ProjectConfigurationPlatforms) = postSolution
		{9E01C6C4-68B9-4347-8780-905DEEAC7886}.Debug|Any CPU.ActiveCfg = Debug|Any CPU
		{9E01C6C4-68B9-4347-8780-905DEEAC7886}.Debug|Any CPU.Build.0 = Debug|Any CPU
		{9E01C6C4-68B9-4347-8780-905DEEAC7886}.Release|Any CPU.ActiveCfg = Release|Any CPU
		{9E01C6C4-68B9-4347-8780-905DEEAC7886}.Release|Any CPU.Build.0 = Release|Any CPU
	EndGlobalSection
	GlobalSection(SolutionProperties) = preSolution
		HideSolutionNode = FALSE
	EndGlobalSection
	GlobalSection(ExtensibilityGlobals) = postSolution
		SolutionGuid = {630999B4-02A7-4FA9-B13F-BB84263BED1E}
	EndGlobalSection
EndGlobal
